
Microsoft Visual Studio Solution File, Format Version 12.00
# Visual Studio Version 16
VisualStudioVersion = 16.0.30114.105
MinimumVisualStudioVersion = 10.0.40219.1
Project("{FAE04EC0-301F-11D3-BF4B-00C04F79EFBC}") = "VmrClassLib", "VmrClassLib\VmrClassLib.csproj", "{AFDF84CE-0E03-4F35-834A-824F2B94A756}"
EndProject
Project("{FAE04EC0-301F-11D3-BF4B-00C04F79EFBC}") = "VmrClassLib.Tests", "VmrClassLib.Tests\VmrClassLib.Tests.csproj", "{1F0ADAC7-AB1F-4703-8503-0A331172352B}"
EndProject
Global
	GlobalSection(SolutionConfigurationPlatforms) = preSolution
		Debug|Any CPU = Debug|Any CPU
		Debug|x64 = Debug|x64
		Debug|x86 = Debug|x86
		Release|Any CPU = Release|Any CPU
		Release|x64 = Release|x64
		Release|x86 = Release|x86
	EndGlobalSection
	GlobalSection(SolutionProperties) = preSolution
		HideSolutionNode = FALSE
	EndGlobalSection
	GlobalSection(ProjectConfigurationPlatforms) = postSolution
		{AFDF84CE-0E03-4F35-834A-824F2B94A756}.Debug|Any CPU.ActiveCfg = Debug|Any CPU
		{AFDF84CE-0E03-4F35-834A-824F2B94A756}.Debug|Any CPU.Build.0 = Debug|Any CPU
		{AFDF84CE-0E03-4F35-834A-824F2B94A756}.Debug|x64.ActiveCfg = Debug|Any CPU
		{AFDF84CE-0E03-4F35-834A-824F2B94A756}.Debug|x64.Build.0 = Debug|Any CPU
		{AFDF84CE-0E03-4F35-834A-824F2B94A756}.Debug|x86.ActiveCfg = Debug|Any CPU
		{AFDF84CE-0E03-4F35-834A-824F2B94A756}.Debug|x86.Build.0 = Debug|Any CPU
		{AFDF84CE-0E03-4F35-834A-824F2B94A756}.Release|Any CPU.ActiveCfg = Release|Any CPU
		{AFDF84CE-0E03-4F35-834A-824F2B94A756}.Release|Any CPU.Build.0 = Release|Any CPU
		{AFDF84CE-0E03-4F35-834A-824F2B94A756}.Release|x64.ActiveCfg = Release|Any CPU
		{AFDF84CE-0E03-4F35-834A-824F2B94A756}.Release|x64.Build.0 = Release|Any CPU
		{AFDF84CE-0E03-4F35-834A-824F2B94A756}.Release|x86.ActiveCfg = Release|Any CPU
		{AFDF84CE-0E03-4F35-834A-824F2B94A756}.Release|x86.Build.0 = Release|Any CPU
		{1F0ADAC7-AB1F-4703-8503-0A331172352B}.Debug|Any CPU.ActiveCfg = Debug|Any CPU
		{1F0ADAC7-AB1F-4703-8503-0A331172352B}.Debug|Any CPU.Build.0 = Debug|Any CPU
		{1F0ADAC7-AB1F-4703-8503-0A331172352B}.Debug|x64.ActiveCfg = Debug|Any CPU
		{1F0ADAC7-AB1F-4703-8503-0A331172352B}.Debug|x64.Build.0 = Debug|Any CPU
		{1F0ADAC7-AB1F-4703-8503-0A331172352B}.Debug|x86.ActiveCfg = Debug|Any CPU
		{1F0ADAC7-AB1F-4703-8503-0A331172352B}.Debug|x86.Build.0 = Debug|Any CPU
		{1F0ADAC7-AB1F-4703-8503-0A331172352B}.Release|Any CPU.ActiveCfg = Release|Any CPU
		{1F0ADAC7-AB1F-4703-8503-0A331172352B}.Release|Any CPU.Build.0 = Release|Any CPU
		{1F0ADAC7-AB1F-4703-8503-0A331172352B}.Release|x64.ActiveCfg = Release|Any CPU
		{1F0ADAC7-AB1F-4703-8503-0A331172352B}.Release|x64.Build.0 = Release|Any CPU
		{1F0ADAC7-AB1F-4703-8503-0A331172352B}.Release|x86.ActiveCfg = Release|Any CPU
		{1F0ADAC7-AB1F-4703-8503-0A331172352B}.Release|x86.Build.0 = Release|Any CPU
	EndGlobalSection
EndGlobal
